
Microsoft Visual Studio Solution File, Format Version 12.00
# Visual Studio Version 17
VisualStudioVersion = 17.9.34607.119
MinimumVisualStudioVersion = 10.0.40219.1
Project("{FAE04EC0-301F-11D3-BF4B-00C04F79EFBC}") = "BearerTokenNET8", "BearerTokenNET8.csproj", "{45589BA0-E617-4981-90AF-4188E5FCA915}"
EndProject
Global
	GlobalSection(SolutionConfigurationPlatforms) = preSolution
		Debug|Any CPU = Debug|Any CPU
		Release|Any CPU = Release|Any CPU
	EndGlobalSection
	GlobalSection(ProjectConfigurationPlatforms) = postSolution
		{45589BA0-E617-4981-90AF-4188E5FCA915}.Debug|Any CPU.ActiveCfg = Debug|Any CPU
		{45589BA0-E617-4981-90AF-4188E5FCA915}.Debug|Any CPU.Build.0 = Debug|Any CPU
		{45589BA0-E617-4981-90AF-4188E5FCA915}.Release|Any CPU.ActiveCfg = Release|Any CPU
		{45589BA0-E617-4981-90AF-4188E5FCA915}.Release|Any CPU.Build.0 = Release|Any CPU
	EndGlobalSection
	GlobalSection(SolutionProperties) = preSolution
		HideSolutionNode = FALSE
	EndGlobalSection
	GlobalSection(ExtensibilityGlobals) = postSolution
		SolutionGuid = {6DF8A1FB-4480-4D58-8BBE-7E7688D30CE1}
	EndGlobalSection
EndGlobal
